
Microsoft Visual Studio Solution File, Format Version 12.00
# Visual Studio Version 16
VisualStudioVersion = 16.0.32106.194
MinimumVisualStudioVersion = 10.0.40219.1
Project("{FAE04EC0-301F-11D3-BF4B-00C04F79EFBC}") = "UML2_PizzaStore", "UML2_PizzaStore\UML2_PizzaStore.csproj", "{9E7C4403-07DD-4CC5-801F-DE6634400A1D}"
EndProject
Global
	GlobalSection(SolutionConfigurationPlatforms) = preSolution
		Debug|Any CPU = Debug|Any CPU
		Release|Any CPU = Release|Any CPU
	EndGlobalSection
	GlobalSection(ProjectConfigurationPlatforms) = postSolution
		{9E7C4403-07DD-4CC5-801F-DE6634400A1D}.Debug|Any CPU.ActiveCfg = Debug|Any CPU
		{9E7C4403-07DD-4CC5-801F-DE6634400A1D}.Debug|Any CPU.Build.0 = Debug|Any CPU
		{9E7C4403-07DD-4CC5-801F-DE6634400A1D}.Release|Any CPU.ActiveCfg = Release|Any CPU
		{9E7C4403-07DD-4CC5-801F-DE6634400A1D}.Release|Any CPU.Build.0 = Release|Any CPU
	EndGlobalSection
	GlobalSection(SolutionProperties) = preSolution
		HideSolutionNode = FALSE
	EndGlobalSection
	GlobalSection(ExtensibilityGlobals) = postSolution
		SolutionGuid = {FC10DD27-43B9-40F6-AA43-0947A9A97455}
	EndGlobalSection
EndGlobal
